
Microsoft Visual Studio Solution File, Format Version 12.00
# Visual Studio Version 17
VisualStudioVersion = 17.7.34031.279
MinimumVisualStudioVersion = 10.0.40219.1
Project("{FAE04EC0-301F-11D3-BF4B-00C04F79EFBC}") = "BAITAP", "BAITAP\BAITAP.csproj", "{0F1C7651-0D7A-46DC-B617-9AFFD75F9FED}"
EndProject
Global
	GlobalSection(SolutionConfigurationPlatforms) = preSolution
		Debug|Any CPU = Debug|Any CPU
		Release|Any CPU = Release|Any CPU
	EndGlobalSection
	GlobalSection(ProjectConfigurationPlatforms) = postSolution
		{0F1C7651-0D7A-46DC-B617-9AFFD75F9FED}.Debug|Any CPU.ActiveCfg = Debug|Any CPU
		{0F1C7651-0D7A-46DC-B617-9AFFD75F9FED}.Debug|Any CPU.Build.0 = Debug|Any CPU
		{0F1C7651-0D7A-46DC-B617-9AFFD75F9FED}.Release|Any CPU.ActiveCfg = Release|Any CPU
		{0F1C7651-0D7A-46DC-B617-9AFFD75F9FED}.Release|Any CPU.Build.0 = Release|Any CPU
	EndGlobalSection
	GlobalSection(SolutionProperties) = preSolution
		HideSolutionNode = FALSE
	EndGlobalSection
	GlobalSection(ExtensibilityGlobals) = postSolution
		SolutionGuid = {8DD3A8DB-3482-4B12-97AC-BECA2FF970E1}
	EndGlobalSection
EndGlobal
